PODS:
  - Alamofire (5.4.3)
  - SDWebImage (4.4.8):
    - SDWebImage/Core (= 4.4.8)
  - SDWebImage/Core (4.4.8)
  - SVProgressHUD (2.2.5)

DEPENDENCIES:
  - Alamofire (~> 5.4)
  - SDWebImage (~> 4.0)
  - SVProgressHUD

SPEC REPOS:
  trunk:
    - Alamofire
    - SDWebImage
    - SVProgressHUD

SPEC CHECKSUMS:
  Alamofire: e447a2774a40c996748296fa2c55112fdbbc42f9
  SDWebImage: 783af2c3fa36291a250030c4752ee370a9a51d13
  SVProgressHUD: 1428aafac632c1f86f62aa4243ec12008d7a51d6

PODFILE CHECKSUM: 63e16e8816616ed7f1f259b5eb97d559bc6055b8

COCOAPODS: 1.11.2
